// !$*UTF8*$!
{
	archiveVersion = 1;
	classes = {
	};
	objectVersion = 50;
	objects = {

/* Begin PBXBuildFile section */
		ED3CADFE265AEF5C00944554 /* AppDelegate.swift in Sources */ = {isa = PBXBuildFile; fileRef = ED3CADFD265AEF5C00944554 /* AppDelegate.swift */; };
		ED3CAE00265AEF5C00944554 /* SceneDelegate.swift in Sources */ = {isa = PBXBuildFile; fileRef = ED3CADFF265AEF5C00944554 /* SceneDelegate.swift */; };
		ED3CAE02265AEF5C00944554 /* ConversationsViewController.swift in Sources */ = {isa = PBXBuildFile; fileRef = ED3CAE01265AEF5C00944554 /* ConversationsViewController.swift */; };
		ED3CAE05265AEF5C00944554 /* Main.storyboard in Resources */ = {isa = PBXBuildFile; fileRef = ED3CAE03265AEF5C00944554 /* Main.storyboard */; };
		ED3CAE07265AEF5C00944554 /* Assets.xcassets in Resources */ = {isa = PBXBuildFile; fileRef = ED3CAE06265AEF5C00944554 /* Assets.xcassets */; };
		ED3CAE0A265AEF5C00944554 /* LaunchScreen.storyboard in Resources */ = {isa = PBXBuildFile; fileRef = ED3CAE08265AEF5C00944554 /* LaunchScreen.storyboard */; };
		ED3CAE1A265AF6AE00944554 /* LoginViewController.swift in Sources */ = {isa = PBXBuildFile; fileRef = ED3CAE19265AF6AE00944554 /* LoginViewController.swift */; };
		ED3CAE1E265AF6BD00944554 /* RegisterViewController.swift in Sources */ = {isa = PBXBuildFile; fileRef = ED3CAE1D265AF6BD00944554 /* RegisterViewController.swift */; };
		ED3CAE21265AF6DD00944554 /* PhotoViewerViewController.swift in Sources */ = {isa = PBXBuildFile; fileRef = ED3CAE20265AF6DD00944554 /* PhotoViewerViewController.swift */; };
		ED3CAE24265AF6EF00944554 /* VideoPlayerViewController.swift in Sources */ = {isa = PBXBuildFile; fileRef = ED3CAE23265AF6EF00944554 /* VideoPlayerViewController.swift */; };
		ED3CAE27265AF70700944554 /* NewConversationViewController.swift in Sources */ = {isa = PBXBuildFile; fileRef = ED3CAE26265AF70700944554 /* NewConversationViewController.swift */; };
		ED3CAE2A265AF71300944554 /* ProfileViewController.swift in Sources */ = {isa = PBXBuildFile; fileRef = ED3CAE29265AF71300944554 /* ProfileViewController.swift */; };
/* End PBXBuildFile section */

/* Begin PBXFileReference section */
		ED3CADFA265AEF5C00944554 /* Messenger.app */ = {isa = PBXFileReference; explicitFileType = wrapper.application; includeInIndex = 0; path = Messenger.app; sourceTree = BUILT_PRODUCTS_DIR; };
		ED3CADFD265AEF5C00944554 /* AppDelegate.swift */ = {isa = PBXFileReference; lastKnownFileType = sourcecode.swift; path = AppDelegate.swift; sourceTree = "<group>"; };
		ED3CADFF265AEF5C00944554 /* SceneDelegate.swift */ = {isa = PBXFileReference; lastKnownFileType = sourcecode.swift; path = SceneDelegate.swift; sourceTree = "<group>"; };
		ED3CAE01265AEF5C00944554 /* ConversationsViewController.swift */ = {isa = PBXFileReference; lastKnownFileType = sourcecode.swift; path = ConversationsViewController.swift; sourceTree = "<group>"; };
		ED3CAE04265AEF5C00944554 /* Base */ = {isa = PBXFileReference; lastKnownFileType = file.storyboard; name = Base; path = Base.lproj/Main.storyboard; sourceTree = "<group>"; };
		ED3CAE06265AEF5C00944554 /* Assets.xcassets */ = {isa = PBXFileReference; lastKnownFileType = folder.assetcatalog; path = Assets.xcassets; sourceTree = "<group>"; };
		ED3CAE09265AEF5C00944554 /* Base */ = {isa = PBXFileReference; lastKnownFileType = file.storyboard; name = Base; path = Base.lproj/LaunchScreen.storyboard; sourceTree = "<group>"; };
		ED3CAE0B265AEF5C00944554 /* Info.plist */ = {isa = PBXFileReference; lastKnownFileType = text.plist.xml; path = Info.plist; sourceTree = "<group>"; };
		ED3CAE19265AF6AE00944554 /* LoginViewController.swift */ = {isa = PBXFileReference; lastKnownFileType = sourcecode.swift; path = LoginViewController.swift; sourceTree = "<group>"; };
		ED3CAE1D265AF6BD00944554 /* RegisterViewController.swift */ = {isa = PBXFileReference; lastKnownFileType = sourcecode.swift; path = RegisterViewController.swift; sourceTree = "<group>"; };
		ED3CAE20265AF6DD00944554 /* PhotoViewerViewController.swift */ = {isa = PBXFileReference; lastKnownFileType = sourcecode.swift; path = PhotoViewerViewController.swift; sourceTree = "<group>"; };
		ED3CAE23265AF6EF00944554 /* VideoPlayerViewController.swift */ = {isa = PBXFileReference; lastKnownFileType = sourcecode.swift; path = VideoPlayerViewController.swift; sourceTree = "<group>"; };
		ED3CAE26265AF70700944554 /* NewConversationViewController.swift */ = {isa = PBXFileReference; lastKnownFileType = sourcecode.swift; path = NewConversationViewController.swift; sourceTree = "<group>"; };
		ED3CAE29265AF71300944554 /* ProfileViewController.swift */ = {isa = PBXFileReference; lastKnownFileType = sourcecode.swift; path = ProfileViewController.swift; sourceTree = "<group>"; };
/* End PBXFileReference section */

/* Begin PBXFrameworksBuildPhase section */
		ED3CADF7265AEF5C00944554 /* Frameworks */ = {
			isa = PBXFrameworksBuildPhase;
			buildActionMask = 2147483647;
			files = (
			);
			runOnlyForDeploymentPostprocessing = 0;
		};
/* End PBXFrameworksBuildPhase section */

/* Begin PBXGroup section */
		ED3CADF1265AEF5C00944554 = {
			isa = PBXGroup;
			children = (
				ED3CADFC265AEF5C00944554 /* Messenger */,
				ED3CADFB265AEF5C00944554 /* Products */,
			);
			sourceTree = "<group>";
		};
		ED3CADFB265AEF5C00944554 /* Products */ = {
			isa = PBXGroup;
			children = (
				ED3CADFA265AEF5C00944554 /* Messenger.app */,
			);
			name = Products;
			sourceTree = "<group>";
		};
		ED3CADFC265AEF5C00944554 /* Messenger */ = {
			isa = PBXGroup;
			children = (
				ED3CAE16265AF5CD00944554 /* Resources */,
				ED3CAE15265AF5C500944554 /* ViewModels */,
				ED3CAE14265AF5C100944554 /* Models */,
				ED3CAE13265AF5B600944554 /* Views */,
				ED3CAE12265AF5AA00944554 /* Controllers */,
				ED3CAE0B265AEF5C00944554 /* Info.plist */,
			);
			path = Messenger;
			sourceTree = "<group>";
		};
		ED3CAE12265AF5AA00944554 /* Controllers */ = {
			isa = PBXGroup;
			children = (
				ED3CAE01265AEF5C00944554 /* ConversationsViewController.swift */,
				ED3CAE19265AF6AE00944554 /* LoginViewController.swift */,
				ED3CAE1D265AF6BD00944554 /* RegisterViewController.swift */,
				ED3CAE20265AF6DD00944554 /* PhotoViewerViewController.swift */,
				ED3CAE23265AF6EF00944554 /* VideoPlayerViewController.swift */,
				ED3CAE26265AF70700944554 /* NewConversationViewController.swift */,
				ED3CAE29265AF71300944554 /* ProfileViewController.swift */,
			);
			path = Controllers;
			sourceTree = "<group>";
		};
		ED3CAE13265AF5B600944554 /* Views */ = {
			isa = PBXGroup;
			children = (
				ED3CAE17265AF5EE00944554 /* Storyboards */,
				ED3CAE06265AEF5C00944554 /* Assets.xcassets */,
			);
			path = Views;
			sourceTree = "<group>";
		};
		ED3CAE14265AF5C100944554 /* Models */ = {
			isa = PBXGroup;
			children = (
			);
			path = Models;
			sourceTree = "<group>";
		};
		ED3CAE15265AF5C500944554 /* ViewModels */ = {
			isa = PBXGroup;
			children = (
			);
			path = ViewModels;
			sourceTree = "<group>";
		};
		ED3CAE16265AF5CD00944554 /* Resources */ = {
			isa = PBXGroup;
			children = (
				ED3CADFF265AEF5C00944554 /* SceneDelegate.swift */,
				ED3CADFD265AEF5C00944554 /* AppDelegate.swift */,
			);
			path = Resources;
			sourceTree = "<group>";
		};
		ED3CAE17265AF5EE00944554 /* Storyboards */ = {
			isa = PBXGroup;
			children = (
				ED3CAE08265AEF5C00944554 /* LaunchScreen.storyboard */,
				ED3CAE03265AEF5C00944554 /* Main.storyboard */,
			);
			path = Storyboards;
			sourceTree = "<group>";
		};
/* End PBXGroup section */

/* Begin PBXNativeTarget section */
		ED3CADF9265AEF5C00944554 /* Messenger */ = {
			isa = PBXNativeTarget;
			buildConfigurationList = ED3CAE0E265AEF5C00944554 /* Build configuration list for PBXNativeTarget "Messenger" */;
			buildPhases = (
				ED3CADF6265AEF5C00944554 /* Sources */,
				ED3CADF7265AEF5C00944554 /* Frameworks */,
				ED3CADF8265AEF5C00944554 /* Resources */,
			);
			buildRules = (
			);
			dependencies = (
			);
			name = Messenger;
			productName = Messenger;
			productReference = ED3CADFA265AEF5C00944554 /* Messenger.app */;
			productType = "com.apple.product-type.application";
		};
/* End PBXNativeTarget section */

/* Begin PBXProject section */
		ED3CADF2265AEF5C00944554 /* Project object */ = {
			isa = PBXProject;
			attributes = {
				LastSwiftUpdateCheck = 1240;
				LastUpgradeCheck = 1240;
				TargetAttributes = {
					ED3CADF9265AEF5C00944554 = {
						CreatedOnToolsVersion = 12.4;
					};
				};
			};
			buildConfigurationList = ED3CADF5265AEF5C00944554 /* Build configuration list for PBXProject "Messenger" */;
			compatibilityVersion = "Xcode 9.3";
			developmentRegion = en;
			hasScannedForEncodings = 0;
			knownRegions = (
				en,
				Base,
			);
			mainGroup = ED3CADF1265AEF5C00944554;
			productRefGroup = ED3CADFB265AEF5C00944554 /* Products */;
			projectDirPath = "";
			projectRoot = "";
			targets = (
				ED3CADF9265AEF5C00944554 /* Messenger */,
			);
		};
/* End PBXProject section */

/* Begin PBXResourcesBuildPhase section */
		ED3CADF8265AEF5C00944554 /* Resources */ = {
			isa = PBXResourcesBuildPhase;
			buildActionMask = 2147483647;
			files = (
				ED3CAE0A265AEF5C00944554 /* LaunchScreen.storyboard in Resources */,
				ED3CAE07265AEF5C00944554 /* Assets.xcassets in Resources */,
				ED3CAE05265AEF5C00944554 /* Main.storyboard in Resources */,
			);
			runOnlyForDeploymentPostprocessing = 0;
		};
/* End PBXResourcesBuildPhase section */

/* Begin PBXSourcesBuildPhase section */
		ED3CADF6265AEF5C00944554 /* Sources */ = {
			isa = PBXSourcesBuildPhase;
			buildActionMask = 2147483647;
			files = (
				ED3CAE1A265AF6AE00944554 /* LoginViewController.swift in Sources */,
				ED3CAE1E265AF6BD00944554 /* RegisterViewController.swift in Sources */,
				ED3CAE27265AF70700944554 /* NewConversationViewController.swift in Sources */,
				ED3CAE02265AEF5C00944554 /* ConversationsViewController.swift in Sources */,
				ED3CAE24265AF6EF00944554 /* VideoPlayerViewController.swift in Sources */,
				ED3CADFE265AEF5C00944554 /* AppDelegate.swift in Sources */,
				ED3CAE2A265AF71300944554 /* ProfileViewController.swift in Sources */,
				ED3CAE00265AEF5C00944554 /* SceneDelegate.swift in Sources */,
				ED3CAE21265AF6DD00944554 /* PhotoViewerViewController.swift in Sources */,
			);
			runOnlyForDeploymentPostprocessing = 0;
		};
/* End PBXSourcesBuildPhase section */

/* Begin PBXVariantGroup section */
		ED3CAE03265AEF5C00944554 /* Main.storyboard */ = {
			isa = PBXVariantGroup;
			children = (
				ED3CAE04265AEF5C00944554 /* Base */,
			);
			name = Main.storyboard;
			sourceTree = "<group>";
		};
		ED3CAE08265AEF5C00944554 /* LaunchScreen.storyboard */ = {
			isa = PBXVariantGroup;
			children = (
				ED3CAE09265AEF5C00944554 /* Base */,
			);
			name = LaunchScreen.storyboard;
			sourceTree = "<group>";
		};
/* End PBXVariantGroup section */

/* Begin XCBuildConfiguration section */
		ED3CAE0C265AEF5C00944554 /* Debug */ = {
			isa = XCBuildConfiguration;
			buildSettings = {
				ALWAYS_SEARCH_USER_PATHS = NO;
				CLANG_ANALYZER_NONNULL = YES;
				CLANG_ANALYZER_NUMBER_OBJECT_CONVERSION = YES_AGGRESSIVE;
				CLANG_CXX_LANGUAGE_STANDARD = "gnu++14";
				CLANG_CXX_LIBRARY = "libc++";
				CLANG_ENABLE_MODULES = YES;
				CLANG_ENABLE_OBJC_ARC = YES;
				CLANG_ENABLE_OBJC_WEAK = YES;
				CLANG_WARN_BLOCK_CAPTURE_AUTORELEASING = YES;
				CLANG_WARN_BOOL_CONVERSION = YES;
				CLANG_WARN_COMMA = YES;
				CLANG_WARN_CONSTANT_CONVERSION = YES;
				CLANG_WARN_DEPRECATED_OBJC_IMPLEMENTATIONS = YES;
				CLANG_WARN_DIRECT_OBJC_ISA_USAGE = YES_ERROR;
				CLANG_WARN_DOCUMENTATION_COMMENTS = YES;
				CLANG_WARN_EMPTY_BODY = YES;
				CLANG_WARN_ENUM_CONVERSION = YES;
				CLANG_WARN_INFINITE_RECURSION = YES;
				CLANG_WARN_INT_CONVERSION = YES;
				CLANG_WARN_NON_LITERAL_NULL_CONVERSION = YES;
				CLANG_WARN_OBJC_IMPLICIT_RETAIN_SELF = YES;
				CLANG_WARN_OBJC_LITERAL_CONVERSION = YES;
				CLANG_WARN_OBJC_ROOT_CLASS = YES_ERROR;
				CLANG_WARN_QUOTED_INCLUDE_IN_FRAMEWORK_HEADER = YES;
				CLANG_WARN_RANGE_LOOP_ANALYSIS = YES;
				CLANG_WARN_STRICT_PROTOTYPES = YES;
				CLANG_WARN_SUSPICIOUS_MOVE = YES;
				CLANG_WARN_UNGUARDED_AVAILABILITY = YES_AGGRESSIVE;
				CLANG_WARN_UNREACHABLE_CODE = YES;
				CLANG_WARN__DUPLICATE_METHOD_MATCH = YES;
				COPY_PHASE_STRIP = NO;
				DEBUG_INFORMATION_FORMAT = dwarf;
				ENABLE_STRICT_OBJC_MSGSEND = YES;
				ENABLE_TESTABILITY = YES;
				GCC_C_LANGUAGE_STANDARD = gnu11;
				GCC_DYNAMIC_NO_PIC = NO;
				GCC_NO_COMMON_BLOCKS = YES;
				GCC_OPTIMIZATION_LEVEL = 0;
				GCC_PREPROCESSOR_DEFINITIONS = (
					"DEBUG=1",
					"$(inherited)",
				);
				GCC_WARN_64_TO_32_BIT_CONVERSION = YES;
				GCC_WARN_ABOUT_RETURN_TYPE = YES_ERROR;
				GCC_WARN_UNDECLARED_SELECTOR = YES;
				GCC_WARN_UNINITIALIZED_AUTOS = YES_AGGRESSIVE;
				GCC_WARN_UNUSED_FUNCTION = YES;
				GCC_WARN_UNUSED_VARIABLE = YES;
				IPHONEOS_DEPLOYMENT_TARGET = 14.4;
				MTL_ENABLE_DEBUG_INFO = INCLUDE_SOURCE;
				MTL_FAST_MATH = YES;
				ONLY_ACTIVE_ARCH = YES;
				SDKROOT = iphoneos;
				SWIFT_ACTIVE_COMPILATION_CONDITIONS = DEBUG;
				SWIFT_OPTIMIZATION_LEVEL = "-Onone";
			};
			name = Debug;
		};
		ED3CAE0D265AEF5C00944554 /* Release */ = {
			isa = XCBuildConfiguration;
			buildSettings = {
				ALWAYS_SEARCH_USER_PATHS = NO;
				CLANG_ANALYZER_NONNULL = YES;
				CLANG_ANALYZER_NUMBER_OBJECT_CONVERSION = YES_AGGRESSIVE;
				CLANG_CXX_LANGUAGE_STANDARD = "gnu++14";
				CLANG_CXX_LIBRARY = "libc++";
				CLANG_ENABLE_MODULES = YES;
				CLANG_ENABLE_OBJC_ARC = YES;
				CLANG_ENABLE_OBJC_WEAK = YES;
				CLANG_WARN_BLOCK_CAPTURE_AUTORELEASING = YES;
				CLANG_WARN_BOOL_CONVERSION = YES;
				CLANG_WARN_COMMA = YES;
				CLANG_WARN_CONSTANT_CONVERSION = YES;
				CLANG_WARN_DEPRECATED_OBJC_IMPLEMENTATIONS = YES;
				CLANG_WARN_DIRECT_OBJC_ISA_USAGE = YES_ERROR;
				CLANG_WARN_DOCUMENTATION_COMMENTS = YES;
				CLANG_WARN_EMPTY_BODY = YES;
				CLANG_WARN_ENUM_CONVERSION = YES;
				CLANG_WARN_INFINITE_RECURSION = YES;
				CLANG_WARN_INT_CONVERSION = YES;
				CLANG_WARN_NON_LITERAL_NULL_CONVERSION = YES;
				CLANG_WARN_OBJC_IMPLICIT_RETAIN_SELF = YES;
				CLANG_WARN_OBJC_LITERAL_CONVERSION = YES;
				CLANG_WARN_OBJC_ROOT_CLASS = YES_ERROR;
				CLANG_WARN_QUOTED_INCLUDE_IN_FRAMEWORK_HEADER = YES;
				CLANG_WARN_RANGE_LOOP_ANALYSIS = YES;
				CLANG_WARN_STRICT_PROTOTYPES = YES;
				CLANG_WARN_SUSPICIOUS_MOVE = YES;
				CLANG_WARN_UNGUARDED_AVAILABILITY = YES_AGGRESSIVE;
				CLANG_WARN_UNREACHABLE_CODE = YES;
				CLANG_WARN__DUPLICATE_METHOD_MATCH = YES;
				COPY_PHASE_STRIP = NO;
				DEBUG_INFORMATION_FORMAT = "dwarf-with-dsym";
				ENABLE_NS_ASSERTIONS = NO;
				ENABLE_STRICT_OBJC_MSGSEND = YES;
				GCC_C_LANGUAGE_STANDARD = gnu11;
				GCC_NO_COMMON_BLOCKS = YES;
				GCC_WARN_64_TO_32_BIT_CONVERSION = YES;
				GCC_WARN_ABOUT_RETURN_TYPE = YES_ERROR;
				GCC_WARN_UNDECLARED_SELECTOR = YES;
				GCC_WARN_UNINITIALIZED_AUTOS = YES_AGGRESSIVE;
				GCC_WARN_UNUSED_FUNCTION = YES;
				GCC_WARN_UNUSED_VARIABLE = YES;
				IPHONEOS_DEPLOYMENT_TARGET = 14.4;
				MTL_ENABLE_DEBUG_INFO = NO;
				MTL_FAST_MATH = YES;
				SDKROOT = iphoneos;
				SWIFT_COMPILATION_MODE = wholemodule;
				SWIFT_OPTIMIZATION_LEVEL = "-O";
				VALIDATE_PRODUCT = YES;
			};
			name = Release;
		};
		ED3CAE0F265AEF5C00944554 /* Debug */ = {
			isa = XCBuildConfiguration;
			buildSettings = {
				ASSETCATALOG_COMPILER_APPICON_NAME = AppIcon;
				ASSETCATALOG_COMPILER_GLOBAL_ACCENT_COLOR_NAME = AccentColor;
				CODE_SIGN_STYLE = Automatic;
				INFOPLIST_FILE = Messenger/Info.plist;
				LD_RUNPATH_SEARCH_PATHS = (
					"$(inherited)",
					"@executable_path/Frameworks",
				);
				PRODUCT_BUNDLE_IDENTIFIER = IOS.Messenger;
				PRODUCT_NAME = "$(TARGET_NAME)";
				SWIFT_VERSION = 5.0;
				TARGETED_DEVICE_FAMILY = "1,2";
			};
			name = Debug;
		};
		ED3CAE10265AEF5C00944554 /* Release */ = {
			isa = XCBuildConfiguration;
			buildSettings = {
				ASSETCATALOG_COMPILER_APPICON_NAME = AppIcon;
				ASSETCATALOG_COMPILER_GLOBAL_ACCENT_COLOR_NAME = AccentColor;
				CODE_SIGN_STYLE = Automatic;
				INFOPLIST_FILE = Messenger/Info.plist;
				LD_RUNPATH_SEARCH_PATHS = (
					"$(inherited)",
					"@executable_path/Frameworks",
				);
				PRODUCT_BUNDLE_IDENTIFIER = IOS.Messenger;
				PRODUCT_NAME = "$(TARGET_NAME)";
				SWIFT_VERSION = 5.0;
				TARGETED_DEVICE_FAMILY = "1,2";
			};
			name = Release;
		};
/* End XCBuildConfiguration section */

/* Begin XCConfigurationList section */
		ED3CADF5265AEF5C00944554 /* Build configuration list for PBXProject "Messenger" */ = {
			isa = XCConfigurationList;
			buildConfigurations = (
				ED3CAE0C265AEF5C00944554 /* Debug */,
				ED3CAE0D265AEF5C00944554 /* Release */,
			);
			defaultConfigurationIsVisible = 0;
			defaultConfigurationName = Release;
		};
		ED3CAE0E265AEF5C00944554 /* Build configuration list for PBXNativeTarget "Messenger" */ = {
			isa = XCConfigurationList;
			buildConfigurations = (
				ED3CAE0F265AEF5C00944554 /* Debug */,
				ED3CAE10265AEF5C00944554 /* Release */,
			);
			defaultConfigurationIsVisible = 0;
			defaultConfigurationName = Release;
		};
/* End XCConfigurationList section */
	};
	rootObject = ED3CADF2265AEF5C00944554 /* Project object */;
}
